
Microsoft Visual Studio Solution File, Format Version 12.00
# Visual Studio 14
VisualStudioVersion = 14.0.25420.1
MinimumVisualStudioVersion = 10.0.40219.1
Project("{FAE04EC0-301F-11D3-BF4B-00C04F79EFBC}") = "IvaCalcReactUI.Android", "IvaCalcReactUI\IvaCalcReactUI.Android\IvaCalcReactUI.Android.csproj", "{1D8B2B18-43C1-4E38-A638-351376558AC6}"
EndProject
Project("{FAE04EC0-301F-11D3-BF4B-00C04F79EFBC}") = "IvaCalcReactUI", "IvaCalcReactUI\IvaCalcReactUI\IvaCalcReactUI.csproj", "{2C15876F-0AFC-4143-8B1D-34524ABD07E6}"
EndProject
Project("{FAE04EC0-301F-11D3-BF4B-00C04F79EFBC}") = "IvaCalcReactUI.iOS", "IvaCalcReactUI\IvaCalcReactUI.iOS\IvaCalcReactUI.iOS.csproj", "{199324ED-6975-40B2-8FAE-9C086F9B689E}"
EndProject
Project("{FAE04EC0-301F-11D3-BF4B-00C04F79EFBC}") = "IvaCalcReactUI.Tests", "IvaCalcReactUI.Tests\IvaCalcReactUI.Tests.csproj", "{8EDF4429-251A-416D-BB68-93F227191BCF}"
EndProject
Global
	GlobalSection(SolutionConfigurationPlatforms) = preSolution
		Ad-Hoc|Any CPU = Ad-Hoc|Any CPU
		Ad-Hoc|iPhone = Ad-Hoc|iPhone
		Ad-Hoc|iPhoneSimulator = Ad-Hoc|iPhoneSimulator
		AppStore|Any CPU = AppStore|Any CPU
		AppStore|iPhone = AppStore|iPhone
		AppStore|iPhoneSimulator = AppStore|iPhoneSimulator
		Debug|Any CPU = Debug|Any CPU
		Debug|iPhone = Debug|iPhone
		Debug|iPhoneSimulator = Debug|iPhoneSimulator
		Release|Any CPU = Release|Any CPU
		Release|iPhone = Release|iPhone
		Release|iPhoneSimulator = Release|iPhoneSimulator
	EndGlobalSection
	GlobalSection(ProjectConfigurationPlatforms) = postSolution
		{1D8B2B18-43C1-4E38-A638-351376558AC6}.Ad-Hoc|Any CPU.ActiveCfg = Release|Any CPU
		{1D8B2B18-43C1-4E38-A638-351376558AC6}.Ad-Hoc|Any CPU.Build.0 = Release|Any CPU
		{1D8B2B18-43C1-4E38-A638-351376558AC6}.Ad-Hoc|Any CPU.Deploy.0 = Release|Any CPU
		{1D8B2B18-43C1-4E38-A638-351376558AC6}.Ad-Hoc|iPhone.ActiveCfg = Release|Any CPU
		{1D8B2B18-43C1-4E38-A638-351376558AC6}.Ad-Hoc|iPhone.Build.0 = Release|Any CPU
		{1D8B2B18-43C1-4E38-A638-351376558AC6}.Ad-Hoc|iPhone.Deploy.0 = Release|Any CPU
		{1D8B2B18-43C1-4E38-A638-351376558AC6}.Ad-Hoc|iPhoneSimulator.ActiveCfg = Release|Any CPU
		{1D8B2B18-43C1-4E38-A638-351376558AC6}.Ad-Hoc|iPhoneSimulator.Build.0 = Release|Any CPU
		{1D8B2B18-43C1-4E38-A638-351376558AC6}.Ad-Hoc|iPhoneSimulator.Deploy.0 = Release|Any CPU
		{1D8B2B18-43C1-4E38-A638-351376558AC6}.AppStore|Any CPU.ActiveCfg = Release|Any CPU
		{1D8B2B18-43C1-4E38-A638-351376558AC6}.AppStore|Any CPU.Build.0 = Release|Any CPU
		{1D8B2B18-43C1-4E38-A638-351376558AC6}.AppStore|Any CPU.Deploy.0 = Release|Any CPU
		{1D8B2B18-43C1-4E38-A638-351376558AC6}.AppStore|iPhone.ActiveCfg = Release|Any CPU
		{1D8B2B18-43C1-4E38-A638-351376558AC6}.AppStore|iPhone.Build.0 = Release|Any CPU
		{1D8B2B18-43C1-4E38-A638-351376558AC6}.AppStore|iPhone.Deploy.0 = Release|Any CPU
		{1D8B2B18-43C1-4E38-A638-351376558AC6}.AppStore|iPhoneSimulator.ActiveCfg = Release|Any CPU
		{1D8B2B18-43C1-4E38-A638-351376558AC6}.AppStore|iPhoneSimulator.Build.0 = Release|Any CPU
		{1D8B2B18-43C1-4E38-A638-351376558AC6}.AppStore|iPhoneSimulator.Deploy.0 = Release|Any CPU
		{1D8B2B18-43C1-4E38-A638-351376558AC6}.Debug|Any CPU.ActiveCfg = Debug|Any CPU
		{1D8B2B18-43C1-4E38-A638-351376558AC6}.Debug|Any CPU.Build.0 = Debug|Any CPU
		{1D8B2B18-43C1-4E38-A638-351376558AC6}.Debug|Any CPU.Deploy.0 = Debug|Any CPU
		{1D8B2B18-43C1-4E38-A638-351376558AC6}.Debug|iPhone.ActiveCfg = Debug|Any CPU
		{1D8B2B18-43C1-4E38-A638-351376558AC6}.Debug|iPhone.Build.0 = Debug|Any CPU
		{1D8B2B18-43C1-4E38-A638-351376558AC6}.Debug|iPhone.Deploy.0 = Debug|Any CPU
		{1D8B2B18-43C1-4E38-A638-351376558AC6}.Debug|iPhoneSimulator.ActiveCfg = Debug|Any CPU
		{1D8B2B18-43C1-4E38-A638-351376558AC6}.Debug|iPhoneSimulator.Build.0 = Debug|Any CPU
		{1D8B2B18-43C1-4E38-A638-351376558AC6}.Debug|iPhoneSimulator.Deploy.0 = Debug|Any CPU
		{1D8B2B18-43C1-4E38-A638-351376558AC6}.Release|Any CPU.ActiveCfg = Release|Any CPU
		{1D8B2B18-43C1-4E38-A638-351376558AC6}.Release|Any CPU.Build.0 = Release|Any CPU
		{1D8B2B18-43C1-4E38-A638-351376558AC6}.Release|Any CPU.Deploy.0 = Release|Any CPU
		{1D8B2B18-43C1-4E38-A638-351376558AC6}.Release|iPhone.ActiveCfg = Release|Any CPU
		{1D8B2B18-43C1-4E38-A638-351376558AC6}.Release|iPhone.Build.0 = Release|Any CPU
		{1D8B2B18-43C1-4E38-A638-351376558AC6}.Release|iPhone.Deploy.0 = Release|Any CPU
		{1D8B2B18-43C1-4E38-A638-351376558AC6}.Release|iPhoneSimulator.ActiveCfg = Release|Any CPU
		{1D8B2B18-43C1-4E38-A638-351376558AC6}.Release|iPhoneSimulator.Build.0 = Release|Any CPU
		{1D8B2B18-43C1-4E38-A638-351376558AC6}.Release|iPhoneSimulator.Deploy.0 = Release|Any CPU
		{2C15876F-0AFC-4143-8B1D-34524ABD07E6}.Ad-Hoc|Any CPU.ActiveCfg = Release|Any CPU
		{2C15876F-0AFC-4143-8B1D-34524ABD07E6}.Ad-Hoc|Any CPU.Build.0 = Release|Any CPU
		{2C15876F-0AFC-4143-8B1D-34524ABD07E6}.Ad-Hoc|iPhone.ActiveCfg = Release|Any CPU
		{2C15876F-0AFC-4143-8B1D-34524ABD07E6}.Ad-Hoc|iPhone.Build.0 = Release|Any CPU
		{2C15876F-0AFC-4143-8B1D-34524ABD07E6}.Ad-Hoc|iPhoneSimulator.ActiveCfg = Release|Any CPU
		{2C15876F-0AFC-4143-8B1D-34524ABD07E6}.Ad-Hoc|iPhoneSimulator.Build.0 = Release|Any CPU
		{2C15876F-0AFC-4143-8B1D-34524ABD07E6}.AppStore|Any CPU.ActiveCfg = Release|Any CPU
		{2C15876F-0AFC-4143-8B1D-34524ABD07E6}.AppStore|Any CPU.Build.0 = Release|Any CPU
		{2C15876F-0AFC-4143-8B1D-34524ABD07E6}.AppStore|iPhone.ActiveCfg = Release|Any CPU
		{2C15876F-0AFC-4143-8B1D-34524ABD07E6}.AppStore|iPhone.Build.0 = Release|Any CPU
		{2C15876F-0AFC-4143-8B1D-34524ABD07E6}.AppStore|iPhoneSimulator.ActiveCfg = Release|Any CPU
		{2C15876F-0AFC-4143-8B1D-34524ABD07E6}.AppStore|iPhoneSimulator.Build.0 = Release|Any CPU
		{2C15876F-0AFC-4143-8B1D-34524ABD07E6}.Debug|Any CPU.ActiveCfg = Debug|Any CPU
		{2C15876F-0AFC-4143-8B1D-34524ABD07E6}.Debug|Any CPU.Build.0 = Debug|Any CPU
		{2C15876F-0AFC-4143-8B1D-34524ABD07E6}.Debug|iPhone.ActiveCfg = Debug|Any CPU
		{2C15876F-0AFC-4143-8B1D-34524ABD07E6}.Debug|iPhone.Build.0 = Debug|Any CPU
		{2C15876F-0AFC-4143-8B1D-34524ABD07E6}.Debug|iPhoneSimulator.ActiveCfg = Debug|Any CPU
		{2C15876F-0AFC-4143-8B1D-34524ABD07E6}.Debug|iPhoneSimulator.Build.0 = Debug|Any CPU
		{2C15876F-0AFC-4143-8B1D-34524ABD07E6}.Release|Any CPU.ActiveCfg = Release|Any CPU
		{2C15876F-0AFC-4143-8B1D-34524ABD07E6}.Release|Any CPU.Build.0 = Release|Any CPU
		{2C15876F-0AFC-4143-8B1D-34524ABD07E6}.Release|iPhone.ActiveCfg = Release|Any CPU
		{2C15876F-0AFC-4143-8B1D-34524ABD07E6}.Release|iPhone.Build.0 = Release|Any CPU
		{2C15876F-0AFC-4143-8B1D-34524ABD07E6}.Release|iPhoneSimulator.ActiveCfg = Release|Any CPU
		{2C15876F-0AFC-4143-8B1D-34524ABD07E6}.Release|iPhoneSimulator.Build.0 = Release|Any CPU
		{199324ED-6975-40B2-8FAE-9C086F9B689E}.Ad-Hoc|Any CPU.ActiveCfg = Ad-Hoc|iPhone
		{199324ED-6975-40B2-8FAE-9C086F9B689E}.Ad-Hoc|iPhone.ActiveCfg = Ad-Hoc|iPhone
		{199324ED-6975-40B2-8FAE-9C086F9B689E}.Ad-Hoc|iPhone.Build.0 = Ad-Hoc|iPhone
		{199324ED-6975-40B2-8FAE-9C086F9B689E}.Ad-Hoc|iPhoneSimulator.ActiveCfg = Ad-Hoc|iPhoneSimulator
		{199324ED-6975-40B2-8FAE-9C086F9B689E}.Ad-Hoc|iPhoneSimulator.Build.0 = Ad-Hoc|iPhoneSimulator
		{199324ED-6975-40B2-8FAE-9C086F9B689E}.AppStore|Any CPU.ActiveCfg = AppStore|iPhone
		{199324ED-6975-40B2-8FAE-9C086F9B689E}.AppStore|iPhone.ActiveCfg = AppStore|iPhone
		{199324ED-6975-40B2-8FAE-9C086F9B689E}.AppStore|iPhone.Build.0 = AppStore|iPhone
		{199324ED-6975-40B2-8FAE-9C086F9B689E}.AppStore|iPhoneSimulator.ActiveCfg = AppStore|iPhoneSimulator
		{199324ED-6975-40B2-8FAE-9C086F9B689E}.AppStore|iPhoneSimulator.Build.0 = AppStore|iPhoneSimulator
		{199324ED-6975-40B2-8FAE-9C086F9B689E}.Debug|Any CPU.ActiveCfg = Debug|iPhone
		{199324ED-6975-40B2-8FAE-9C086F9B689E}.Debug|iPhone.ActiveCfg = Debug|iPhone
		{199324ED-6975-40B2-8FAE-9C086F9B689E}.Debug|iPhone.Build.0 = Debug|iPhone
		{199324ED-6975-40B2-8FAE-9C086F9B689E}.Debug|iPhoneSimulator.ActiveCfg = Debug|iPhoneSimulator
		{199324ED-6975-40B2-8FAE-9C086F9B689E}.Debug|iPhoneSimulator.Build.0 = Debug|iPhoneSimulator
		{199324ED-6975-40B2-8FAE-9C086F9B689E}.Release|Any CPU.ActiveCfg = Release|iPhone
		{199324ED-6975-40B2-8FAE-9C086F9B689E}.Release|iPhone.ActiveCfg = Release|iPhone
		{199324ED-6975-40B2-8FAE-9C086F9B689E}.Release|iPhone.Build.0 = Release|iPhone
		{199324ED-6975-40B2-8FAE-9C086F9B689E}.Release|iPhoneSimulator.ActiveCfg = Release|iPhoneSimulator
		{199324ED-6975-40B2-8FAE-9C086F9B689E}.Release|iPhoneSimulator.Build.0 = Release|iPhoneSimulator
		{8EDF4429-251A-416D-BB68-93F227191BCF}.Ad-Hoc|Any CPU.ActiveCfg = Release|Any CPU
		{8EDF4429-251A-416D-BB68-93F227191BCF}.Ad-Hoc|Any CPU.Build.0 = Release|Any CPU
		{8EDF4429-251A-416D-BB68-93F227191BCF}.Ad-Hoc|iPhone.ActiveCfg = Release|Any CPU
		{8EDF4429-251A-416D-BB68-93F227191BCF}.Ad-Hoc|iPhone.Build.0 = Release|Any CPU
		{8EDF4429-251A-416D-BB68-93F227191BCF}.Ad-Hoc|iPhoneSimulator.ActiveCfg = Release|Any CPU
		{8EDF4429-251A-416D-BB68-93F227191BCF}.Ad-Hoc|iPhoneSimulator.Build.0 = Release|Any CPU
		{8EDF4429-251A-416D-BB68-93F227191BCF}.AppStore|Any CPU.ActiveCfg = Release|Any CPU
		{8EDF4429-251A-416D-BB68-93F227191BCF}.AppStore|Any CPU.Build.0 = Release|Any CPU
		{8EDF4429-251A-416D-BB68-93F227191BCF}.AppStore|iPhone.ActiveCfg = Release|Any CPU
		{8EDF4429-251A-416D-BB68-93F227191BCF}.AppStore|iPhone.Build.0 = Release|Any CPU
		{8EDF4429-251A-416D-BB68-93F227191BCF}.AppStore|iPhoneSimulator.ActiveCfg = Release|Any CPU
		{8EDF4429-251A-416D-BB68-93F227191BCF}.AppStore|iPhoneSimulator.Build.0 = Release|Any CPU
		{8EDF4429-251A-416D-BB68-93F227191BCF}.Debug|Any CPU.ActiveCfg = Debug|Any CPU
		{8EDF4429-251A-416D-BB68-93F227191BCF}.Debug|Any CPU.Build.0 = Debug|Any CPU
		{8EDF4429-251A-416D-BB68-93F227191BCF}.Debug|iPhone.ActiveCfg = Debug|Any CPU
		{8EDF4429-251A-416D-BB68-93F227191BCF}.Debug|iPhone.Build.0 = Debug|Any CPU
		{8EDF4429-251A-416D-BB68-93F227191BCF}.Debug|iPhoneSimulator.ActiveCfg = Debug|Any CPU
		{8EDF4429-251A-416D-BB68-93F227191BCF}.Debug|iPhoneSimulator.Build.0 = Debug|Any CPU
		{8EDF4429-251A-416D-BB68-93F227191BCF}.Release|Any CPU.ActiveCfg = Release|Any CPU
		{8EDF4429-251A-416D-BB68-93F227191BCF}.Release|Any CPU.Build.0 = Release|Any CPU
		{8EDF4429-251A-416D-BB68-93F227191BCF}.Release|iPhone.ActiveCfg = Release|Any CPU
		{8EDF4429-251A-416D-BB68-93F227191BCF}.Release|iPhone.Build.0 = Release|Any CPU
		{8EDF4429-251A-416D-BB68-93F227191BCF}.Release|iPhoneSimulator.ActiveCfg = Release|Any CPU
		{8EDF4429-251A-416D-BB68-93F227191BCF}.Release|iPhoneSimulator.Build.0 = Release|Any CPU
	EndGlobalSection
	GlobalSection(SolutionProperties) = preSolution
		HideSolutionNode = FALSE
	EndGlobalSection
EndGlobal
